
Microsoft Visual Studio Solution File, Format Version 12.00
# Visual Studio Version 17
VisualStudioVersion = 17.11.35327.3
MinimumVisualStudioVersion = 10.0.40219.1
Project("{FAE04EC0-301F-11D3-BF4B-00C04F79EFBC}") = "Hillel_projects", "Hillel_projects\Hillel_projects.csproj", "{21F59B11-CBB7-481A-8B6A-C12ECCB1D24A}"
EndProject
Project("{FAE04EC0-301F-11D3-BF4B-00C04F79EFBC}") = "Week_app", "Week_app\Week_app.csproj", "{C1601307-C857-4C8C-8CF3-36332118966B}"
EndProject
Project("{FAE04EC0-301F-11D3-BF4B-00C04F79EFBC}") = "Calculator_app", "Calculator_app\Calculator_app.csproj", "{90ED27B0-0E14-40D6-9F49-3FF55C023750}"
EndProject
Project("{FAE04EC0-301F-11D3-BF4B-00C04F79EFBC}") = "Parse_app", "Parse_app\Parse_app.csproj", "{83DB4439-626A-4CC4-9521-EAD850796D4B}"
EndProject
Project("{FAE04EC0-301F-11D3-BF4B-00C04F79EFBC}") = "Cycles_app", "Cycles_app\Cycles_app.csproj", "{56F216DE-14D9-4043-AF74-B1F8DFB10542}"
EndProject
Project("{FAE04EC0-301F-11D3-BF4B-00C04F79EFBC}") = "Array_app", "Array_app\Array_app.csproj", "{95B578FF-0FB8-43D9-92A5-72B5636D4EF1}"
EndProject
Global
	GlobalSection(SolutionConfigurationPlatforms) = preSolution
		Debug|Any CPU = Debug|Any CPU
		Release|Any CPU = Release|Any CPU
	EndGlobalSection
	GlobalSection(ProjectConfigurationPlatforms) = postSolution
		{21F59B11-CBB7-481A-8B6A-C12ECCB1D24A}.Debug|Any CPU.ActiveCfg = Debug|Any CPU
		{21F59B11-CBB7-481A-8B6A-C12ECCB1D24A}.Debug|Any CPU.Build.0 = Debug|Any CPU
		{21F59B11-CBB7-481A-8B6A-C12ECCB1D24A}.Release|Any CPU.ActiveCfg = Release|Any CPU
		{21F59B11-CBB7-481A-8B6A-C12ECCB1D24A}.Release|Any CPU.Build.0 = Release|Any CPU
		{C1601307-C857-4C8C-8CF3-36332118966B}.Debug|Any CPU.ActiveCfg = Debug|Any CPU
		{C1601307-C857-4C8C-8CF3-36332118966B}.Debug|Any CPU.Build.0 = Debug|Any CPU
		{C1601307-C857-4C8C-8CF3-36332118966B}.Release|Any CPU.ActiveCfg = Release|Any CPU
		{C1601307-C857-4C8C-8CF3-36332118966B}.Release|Any CPU.Build.0 = Release|Any CPU
		{90ED27B0-0E14-40D6-9F49-3FF55C023750}.Debug|Any CPU.ActiveCfg = Debug|Any CPU
		{90ED27B0-0E14-40D6-9F49-3FF55C023750}.Debug|Any CPU.Build.0 = Debug|Any CPU
		{90ED27B0-0E14-40D6-9F49-3FF55C023750}.Release|Any CPU.ActiveCfg = Release|Any CPU
		{90ED27B0-0E14-40D6-9F49-3FF55C023750}.Release|Any CPU.Build.0 = Release|Any CPU
		{83DB4439-626A-4CC4-9521-EAD850796D4B}.Debug|Any CPU.ActiveCfg = Debug|Any CPU
		{83DB4439-626A-4CC4-9521-EAD850796D4B}.Debug|Any CPU.Build.0 = Debug|Any CPU
		{83DB4439-626A-4CC4-9521-EAD850796D4B}.Release|Any CPU.ActiveCfg = Release|Any CPU
		{83DB4439-626A-4CC4-9521-EAD850796D4B}.Release|Any CPU.Build.0 = Release|Any CPU
		{56F216DE-14D9-4043-AF74-B1F8DFB10542}.Debug|Any CPU.ActiveCfg = Debug|Any CPU
		{56F216DE-14D9-4043-AF74-B1F8DFB10542}.Debug|Any CPU.Build.0 = Debug|Any CPU
		{56F216DE-14D9-4043-AF74-B1F8DFB10542}.Release|Any CPU.ActiveCfg = Release|Any CPU
		{56F216DE-14D9-4043-AF74-B1F8DFB10542}.Release|Any CPU.Build.0 = Release|Any CPU
		{95B578FF-0FB8-43D9-92A5-72B5636D4EF1}.Debug|Any CPU.ActiveCfg = Debug|Any CPU
		{95B578FF-0FB8-43D9-92A5-72B5636D4EF1}.Debug|Any CPU.Build.0 = Debug|Any CPU
		{95B578FF-0FB8-43D9-92A5-72B5636D4EF1}.Release|Any CPU.ActiveCfg = Release|Any CPU
		{95B578FF-0FB8-43D9-92A5-72B5636D4EF1}.Release|Any CPU.Build.0 = Release|Any CPU
	EndGlobalSection
	GlobalSection(SolutionProperties) = preSolution
		HideSolutionNode = FALSE
	EndGlobalSection
	GlobalSection(ExtensibilityGlobals) = postSolution
		SolutionGuid = {317A8BB7-7949-462C-BE60-7D37CE80321C}
	EndGlobalSection
EndGlobal
